
Microsoft Visual Studio Solution File, Format Version 12.00
# Visual Studio Version 17
VisualStudioVersion = 17.7.34024.191
MinimumVisualStudioVersion = 10.0.40219.1
Project("{FAE04EC0-301F-11D3-BF4B-00C04F79EFBC}") = "Project_0", "ConsoleApp405\Project_0.csproj", "{649C9A00-60B8-4B27-A8AE-DBC46EE433B0}"
EndProject
Project("{FAE04EC0-301F-11D3-BF4B-00C04F79EFBC}") = "Project_1", "Project\Project_1.csproj", "{F65C08A8-C29E-4E8A-AA53-056DD5B42914}"
EndProject
Project("{FAE04EC0-301F-11D3-BF4B-00C04F79EFBC}") = "Project_2", "Project_2\Project_2.csproj", "{38C1D1CB-1AE4-404F-911C-44D3C9739A70}"
EndProject
Project("{FAE04EC0-301F-11D3-BF4B-00C04F79EFBC}") = "Project_3", "Project_3\Project_3.csproj", "{69BB9F2E-9830-43D7-98AF-2F623DDB3E45}"
EndProject
Global
	GlobalSection(SolutionConfigurationPlatforms) = preSolution
		Debug|Any CPU = Debug|Any CPU
		Release|Any CPU = Release|Any CPU
	EndGlobalSection
	GlobalSection(ProjectConfigurationPlatforms) = postSolution
		{649C9A00-60B8-4B27-A8AE-DBC46EE433B0}.Debug|Any CPU.ActiveCfg = Debug|Any CPU
		{649C9A00-60B8-4B27-A8AE-DBC46EE433B0}.Debug|Any CPU.Build.0 = Debug|Any CPU
		{649C9A00-60B8-4B27-A8AE-DBC46EE433B0}.Release|Any CPU.ActiveCfg = Release|Any CPU
		{649C9A00-60B8-4B27-A8AE-DBC46EE433B0}.Release|Any CPU.Build.0 = Release|Any CPU
		{F65C08A8-C29E-4E8A-AA53-056DD5B42914}.Debug|Any CPU.ActiveCfg = Debug|Any CPU
		{F65C08A8-C29E-4E8A-AA53-056DD5B42914}.Debug|Any CPU.Build.0 = Debug|Any CPU
		{F65C08A8-C29E-4E8A-AA53-056DD5B42914}.Release|Any CPU.ActiveCfg = Release|Any CPU
		{F65C08A8-C29E-4E8A-AA53-056DD5B42914}.Release|Any CPU.Build.0 = Release|Any CPU
		{38C1D1CB-1AE4-404F-911C-44D3C9739A70}.Debug|Any CPU.ActiveCfg = Debug|Any CPU
		{38C1D1CB-1AE4-404F-911C-44D3C9739A70}.Debug|Any CPU.Build.0 = Debug|Any CPU
		{38C1D1CB-1AE4-404F-911C-44D3C9739A70}.Release|Any CPU.ActiveCfg = Release|Any CPU
		{38C1D1CB-1AE4-404F-911C-44D3C9739A70}.Release|Any CPU.Build.0 = Release|Any CPU
		{69BB9F2E-9830-43D7-98AF-2F623DDB3E45}.Debug|Any CPU.ActiveCfg = Debug|Any CPU
		{69BB9F2E-9830-43D7-98AF-2F623DDB3E45}.Debug|Any CPU.Build.0 = Debug|Any CPU
		{69BB9F2E-9830-43D7-98AF-2F623DDB3E45}.Release|Any CPU.ActiveCfg = Release|Any CPU
		{69BB9F2E-9830-43D7-98AF-2F623DDB3E45}.Release|Any CPU.Build.0 = Release|Any CPU
	EndGlobalSection
	GlobalSection(SolutionProperties) = preSolution
		HideSolutionNode = FALSE
	EndGlobalSection
	GlobalSection(ExtensibilityGlobals) = postSolution
		SolutionGuid = {F5A64C60-A7E9-4B0A-B89E-2BF5AAA57C69}
	EndGlobalSection
EndGlobal
